// !$*UTF8*$!
{
	archiveVersion = 1;
	classes = {
	};
	objectVersion = 56;
	objects = {

/* Begin PBXBuildFile section */
		DCBAB54F2BEAA72900311C1B /* AccountsView.swift in Sources */ = {isa = PBXBuildFile; fileRef = DCBAB54E2BEAA72900311C1B /* AccountsView.swift */; };
		DCBAB5512BEAA72B00311C1B /* Assets.xcassets in Resources */ = {isa = PBXBuildFile; fileRef = DCBAB5502BEAA72B00311C1B /* Assets.xcassets */; };
		DCBAB5552BEAA72B00311C1B /* Preview Assets.xcassets in Resources */ = {isa = PBXBuildFile; fileRef = DCBAB5542BEAA72B00311C1B /* Preview Assets.xcassets */; };
		DCBAB55C2BEAA73500311C1B /* BankingApp.swift in Sources */ = {isa = PBXBuildFile; fileRef = DCBAB55B2BEAA73500311C1B /* BankingApp.swift */; };
		DCBAB55F2BEAA80C00311C1B /* AccountsView.Model.swift in Sources */ = {isa = PBXBuildFile; fileRef = DCBAB55E2BEAA80C00311C1B /* AccountsView.Model.swift */; };
		DCBAB5642BEAA84B00311C1B /* Account.swift in Sources */ = {isa = PBXBuildFile; fileRef = DCBAB5602BEAA84B00311C1B /* Account.swift */; };
		DCBAB5652BEAA84B00311C1B /* Formatting.swift in Sources */ = {isa = PBXBuildFile; fileRef = DCBAB5612BEAA84B00311C1B /* Formatting.swift */; };
		DCBAB5662BEAA84B00311C1B /* Transaction.swift in Sources */ = {isa = PBXBuildFile; fileRef = DCBAB5622BEAA84B00311C1B /* Transaction.swift */; };
		DCBAB5682BEAAF8800311C1B /* StorageController.swift in Sources */ = {isa = PBXBuildFile; fileRef = DCBAB5672BEAAF8800311C1B /* StorageController.swift */; };
		DCBAB56B2BEAB25500311C1B /* TransactionsView.swift in Sources */ = {isa = PBXBuildFile; fileRef = DCBAB56A2BEAB25400311C1B /* TransactionsView.swift */; };
		DCBAB56D2BEAB28000311C1B /* NewTransactionView.swift in Sources */ = {isa = PBXBuildFile; fileRef = DCBAB56C2BEAB28000311C1B /* NewTransactionView.swift */; };
		DCBAB56F2BEAB2DD00311C1B /* NewAccountView.swift in Sources */ = {isa = PBXBuildFile; fileRef = DCBAB56E2BEAB2DD00311C1B /* NewAccountView.swift */; };
		DCBAB5722BEAB55500311C1B /* AddButton.swift in Sources */ = {isa = PBXBuildFile; fileRef = DCBAB5712BEAB55500311C1B /* AddButton.swift */; };
		DCBAB5742BEAB6DE00311C1B /* PreviewData.swift in Sources */ = {isa = PBXBuildFile; fileRef = DCBAB5732BEAB6DE00311C1B /* PreviewData.swift */; };
		DCBAB5782BEAC40000311C1B /* TransactionsView.Model.swift in Sources */ = {isa = PBXBuildFile; fileRef = DCBAB5772BEAC40000311C1B /* TransactionsView.Model.swift */; };
/* End PBXBuildFile section */

/* Begin PBXFileReference section */
		DCBAB5492BEAA72900311C1B /* Banking MVVM.app */ = {isa = PBXFileReference; explicitFileType = wrapper.application; includeInIndex = 0; path = "Banking MVVM.app"; sourceTree = BUILT_PRODUCTS_DIR; };
		DCBAB54E2BEAA72900311C1B /* AccountsView.swift */ = {isa = PBXFileReference; lastKnownFileType = sourcecode.swift; path = AccountsView.swift; sourceTree = "<group>"; };
		DCBAB5502BEAA72B00311C1B /* Assets.xcassets */ = {isa = PBXFileReference; lastKnownFileType = folder.assetcatalog; path = Assets.xcassets; sourceTree = "<group>"; };
		DCBAB5522BEAA72B00311C1B /* Banking_MVVM.entitlements */ = {isa = PBXFileReference; lastKnownFileType = text.plist.entitlements; path = Banking_MVVM.entitlements; sourceTree = "<group>"; };
		DCBAB5542BEAA72B00311C1B /* Preview Assets.xcassets */ = {isa = PBXFileReference; lastKnownFileType = folder.assetcatalog; path = "Preview Assets.xcassets"; sourceTree = "<group>"; };
		DCBAB55B2BEAA73500311C1B /* BankingApp.swift */ = {isa = PBXFileReference; fileEncoding = 4; lastKnownFileType = sourcecode.swift; path = BankingApp.swift; sourceTree = "<group>"; };
		DCBAB55E2BEAA80C00311C1B /* AccountsView.Model.swift */ = {isa = PBXFileReference; lastKnownFileType = sourcecode.swift; path = AccountsView.Model.swift; sourceTree = "<group>"; };
		DCBAB5602BEAA84B00311C1B /* Account.swift */ = {isa = PBXFileReference; fileEncoding = 4; lastKnownFileType = sourcecode.swift; path = Account.swift; sourceTree = "<group>"; };
		DCBAB5612BEAA84B00311C1B /* Formatting.swift */ = {isa = PBXFileReference; fileEncoding = 4; lastKnownFileType = sourcecode.swift; path = Formatting.swift; sourceTree = "<group>"; };
		DCBAB5622BEAA84B00311C1B /* Transaction.swift */ = {isa = PBXFileReference; fileEncoding = 4; lastKnownFileType = sourcecode.swift; path = Transaction.swift; sourceTree = "<group>"; };
		DCBAB5672BEAAF8800311C1B /* StorageController.swift */ = {isa = PBXFileReference; fileEncoding = 4; lastKnownFileType = sourcecode.swift; path = StorageController.swift; sourceTree = "<group>"; };
		DCBAB56A2BEAB25400311C1B /* TransactionsView.swift */ = {isa = PBXFileReference; fileEncoding = 4; lastKnownFileType = sourcecode.swift; path = TransactionsView.swift; sourceTree = "<group>"; };
		DCBAB56C2BEAB28000311C1B /* NewTransactionView.swift */ = {isa = PBXFileReference; fileEncoding = 4; lastKnownFileType = sourcecode.swift; path = NewTransactionView.swift; sourceTree = "<group>"; };
		DCBAB56E2BEAB2DD00311C1B /* NewAccountView.swift */ = {isa = PBXFileReference; fileEncoding = 4; lastKnownFileType = sourcecode.swift; path = NewAccountView.swift; sourceTree = "<group>"; };
		DCBAB5712BEAB55500311C1B /* AddButton.swift */ = {isa = PBXFileReference; fileEncoding = 4; lastKnownFileType = sourcecode.swift; path = AddButton.swift; sourceTree = "<group>"; };
		DCBAB5732BEAB6DE00311C1B /* PreviewData.swift */ = {isa = PBXFileReference; fileEncoding = 4; lastKnownFileType = sourcecode.swift; path = PreviewData.swift; sourceTree = "<group>"; };
		DCBAB5772BEAC40000311C1B /* TransactionsView.Model.swift */ = {isa = PBXFileReference; lastKnownFileType = sourcecode.swift; path = TransactionsView.Model.swift; sourceTree = "<group>"; };
/* End PBXFileReference section */

/* Begin PBXFrameworksBuildPhase section */
		DCBAB5462BEAA72900311C1B /* Frameworks */ = {
			isa = PBXFrameworksBuildPhase;
			buildActionMask = 2147483647;
			files = (
			);
			runOnlyForDeploymentPostprocessing = 0;
		};
/* End PBXFrameworksBuildPhase section */

/* Begin PBXGroup section */
		DCBAB5402BEAA72900311C1B = {
			isa = PBXGroup;
			children = (
				DCBAB54B2BEAA72900311C1B /* Banking MVVM */,
				DCBAB54A2BEAA72900311C1B /* Products */,
			);
			sourceTree = "<group>";
		};
		DCBAB54A2BEAA72900311C1B /* Products */ = {
			isa = PBXGroup;
			children = (
				DCBAB5492BEAA72900311C1B /* Banking MVVM.app */,
			);
			name = Products;
			sourceTree = "<group>";
		};
		DCBAB54B2BEAA72900311C1B /* Banking MVVM */ = {
			isa = PBXGroup;
			children = (
				DCBAB55B2BEAA73500311C1B /* BankingApp.swift */,
				DCBAB5702BEAB54900311C1B /* View Elements */,
				DCBAB5692BEAB24900311C1B /* Views */,
				DCBAB5672BEAAF8800311C1B /* StorageController.swift */,
				DCBAB5632BEAA84B00311C1B /* Model */,
				DCBAB5502BEAA72B00311C1B /* Assets.xcassets */,
				DCBAB5522BEAA72B00311C1B /* Banking_MVVM.entitlements */,
				DCBAB5532BEAA72B00311C1B /* Preview Content */,
			);
			path = "Banking MVVM";
			sourceTree = "<group>";
		};
		DCBAB5532BEAA72B00311C1B /* Preview Content */ = {
			isa = PBXGroup;
			children = (
				DCBAB5732BEAB6DE00311C1B /* PreviewData.swift */,
				DCBAB5542BEAA72B00311C1B /* Preview Assets.xcassets */,
			);
			path = "Preview Content";
			sourceTree = "<group>";
		};
		DCBAB5632BEAA84B00311C1B /* Model */ = {
			isa = PBXGroup;
			children = (
				DCBAB5602BEAA84B00311C1B /* Account.swift */,
				DCBAB5612BEAA84B00311C1B /* Formatting.swift */,
				DCBAB5622BEAA84B00311C1B /* Transaction.swift */,
			);
			path = Model;
			sourceTree = "<group>";
		};
		DCBAB5692BEAB24900311C1B /* Views */ = {
			isa = PBXGroup;
			children = (
				DCBAB54E2BEAA72900311C1B /* AccountsView.swift */,
				DCBAB55E2BEAA80C00311C1B /* AccountsView.Model.swift */,
				DCBAB56E2BEAB2DD00311C1B /* NewAccountView.swift */,
				DCBAB56A2BEAB25400311C1B /* TransactionsView.swift */,
				DCBAB5772BEAC40000311C1B /* TransactionsView.Model.swift */,
				DCBAB56C2BEAB28000311C1B /* NewTransactionView.swift */,
			);
			path = Views;
			sourceTree = "<group>";
		};
		DCBAB5702BEAB54900311C1B /* View Elements */ = {
			isa = PBXGroup;
			children = (
				DCBAB5712BEAB55500311C1B /* AddButton.swift */,
			);
			path = "View Elements";
			sourceTree = "<group>";
		};
/* End PBXGroup section */

/* Begin PBXNativeTarget section */
		DCBAB5482BEAA72900311C1B /* Banking MVVM */ = {
			isa = PBXNativeTarget;
			buildConfigurationList = DCBAB5582BEAA72B00311C1B /* Build configuration list for PBXNativeTarget "Banking MVVM" */;
			buildPhases = (
				DCBAB5452BEAA72900311C1B /* Sources */,
				DCBAB5462BEAA72900311C1B /* Frameworks */,
				DCBAB5472BEAA72900311C1B /* Resources */,
			);
			buildRules = (
			);
			dependencies = (
			);
			name = "Banking MVVM";
			productName = "Banking MVVM";
			productReference = DCBAB5492BEAA72900311C1B /* Banking MVVM.app */;
			productType = "com.apple.product-type.application";
		};
/* End PBXNativeTarget section */

/* Begin PBXProject section */
		DCBAB5412BEAA72900311C1B /* Project object */ = {
			isa = PBXProject;
			attributes = {
				BuildIndependentTargetsInParallel = 1;
				LastSwiftUpdateCheck = 1530;
				LastUpgradeCheck = 1530;
				TargetAttributes = {
					DCBAB5482BEAA72900311C1B = {
						CreatedOnToolsVersion = 15.3;
					};
				};
			};
			buildConfigurationList = DCBAB5442BEAA72900311C1B /* Build configuration list for PBXProject "Banking MVVM" */;
			compatibilityVersion = "Xcode 14.0";
			developmentRegion = en;
			hasScannedForEncodings = 0;
			knownRegions = (
				en,
				Base,
			);
			mainGroup = DCBAB5402BEAA72900311C1B;
			productRefGroup = DCBAB54A2BEAA72900311C1B /* Products */;
			projectDirPath = "";
			projectRoot = "";
			targets = (
				DCBAB5482BEAA72900311C1B /* Banking MVVM */,
			);
		};
/* End PBXProject section */

/* Begin PBXResourcesBuildPhase section */
		DCBAB5472BEAA72900311C1B /* Resources */ = {
			isa = PBXResourcesBuildPhase;
			buildActionMask = 2147483647;
			files = (
				DCBAB5552BEAA72B00311C1B /* Preview Assets.xcassets in Resources */,
				DCBAB5512BEAA72B00311C1B /* Assets.xcassets in Resources */,
			);
			runOnlyForDeploymentPostprocessing = 0;
		};
/* End PBXResourcesBuildPhase section */

/* Begin PBXSourcesBuildPhase section */
		DCBAB5452BEAA72900311C1B /* Sources */ = {
			isa = PBXSourcesBuildPhase;
			buildActionMask = 2147483647;
			files = (
				DCBAB5652BEAA84B00311C1B /* Formatting.swift in Sources */,
				DCBAB54F2BEAA72900311C1B /* AccountsView.swift in Sources */,
				DCBAB5662BEAA84B00311C1B /* Transaction.swift in Sources */,
				DCBAB5742BEAB6DE00311C1B /* PreviewData.swift in Sources */,
				DCBAB56F2BEAB2DD00311C1B /* NewAccountView.swift in Sources */,
				DCBAB5782BEAC40000311C1B /* TransactionsView.Model.swift in Sources */,
				DCBAB5642BEAA84B00311C1B /* Account.swift in Sources */,
				DCBAB55C2BEAA73500311C1B /* BankingApp.swift in Sources */,
				DCBAB5722BEAB55500311C1B /* AddButton.swift in Sources */,
				DCBAB56B2BEAB25500311C1B /* TransactionsView.swift in Sources */,
				DCBAB56D2BEAB28000311C1B /* NewTransactionView.swift in Sources */,
				DCBAB5682BEAAF8800311C1B /* StorageController.swift in Sources */,
				DCBAB55F2BEAA80C00311C1B /* AccountsView.Model.swift in Sources */,
			);
			runOnlyForDeploymentPostprocessing = 0;
		};
/* End PBXSourcesBuildPhase section */

/* Begin XCBuildConfiguration section */
		DCBAB5562BEAA72B00311C1B /* Debug */ = {
			isa = XCBuildConfiguration;
			buildSettings = {
				ALWAYS_SEARCH_USER_PATHS = NO;
				ASSETCATALOG_COMPILER_GENERATE_SWIFT_ASSET_SYMBOL_EXTENSIONS = YES;
				CLANG_ANALYZER_NONNULL = YES;
				CLANG_ANALYZER_NUMBER_OBJECT_CONVERSION = YES_AGGRESSIVE;
				CLANG_CXX_LANGUAGE_STANDARD = "gnu++20";
				CLANG_ENABLE_MODULES = YES;
				CLANG_ENABLE_OBJC_ARC = YES;
				CLANG_ENABLE_OBJC_WEAK = YES;
				CLANG_WARN_BLOCK_CAPTURE_AUTORELEASING = YES;
				CLANG_WARN_BOOL_CONVERSION = YES;
				CLANG_WARN_COMMA = YES;
				CLANG_WARN_CONSTANT_CONVERSION = YES;
				CLANG_WARN_DEPRECATED_OBJC_IMPLEMENTATIONS = YES;
				CLANG_WARN_DIRECT_OBJC_ISA_USAGE = YES_ERROR;
				CLANG_WARN_DOCUMENTATION_COMMENTS = YES;
				CLANG_WARN_EMPTY_BODY = YES;
				CLANG_WARN_ENUM_CONVERSION = YES;
				CLANG_WARN_INFINITE_RECURSION = YES;
				CLANG_WARN_INT_CONVERSION = YES;
				CLANG_WARN_NON_LITERAL_NULL_CONVERSION = YES;
				CLANG_WARN_OBJC_IMPLICIT_RETAIN_SELF = YES;
				CLANG_WARN_OBJC_LITERAL_CONVERSION = YES;
				CLANG_WARN_OBJC_ROOT_CLASS = YES_ERROR;
				CLANG_WARN_QUOTED_INCLUDE_IN_FRAMEWORK_HEADER = YES;
				CLANG_WARN_RANGE_LOOP_ANALYSIS = YES;
				CLANG_WARN_STRICT_PROTOTYPES = YES;
				CLANG_WARN_SUSPICIOUS_MOVE = YES;
				CLANG_WARN_UNGUARDED_AVAILABILITY = YES_AGGRESSIVE;
				CLANG_WARN_UNREACHABLE_CODE = YES;
				CLANG_WARN__DUPLICATE_METHOD_MATCH = YES;
				COPY_PHASE_STRIP = NO;
				DEBUG_INFORMATION_FORMAT = dwarf;
				ENABLE_STRICT_OBJC_MSGSEND = YES;
				ENABLE_TESTABILITY = YES;
				ENABLE_USER_SCRIPT_SANDBOXING = YES;
				GCC_C_LANGUAGE_STANDARD = gnu17;
				GCC_DYNAMIC_NO_PIC = NO;
				GCC_NO_COMMON_BLOCKS = YES;
				GCC_OPTIMIZATION_LEVEL = 0;
				GCC_PREPROCESSOR_DEFINITIONS = (
					"DEBUG=1",
					"$(inherited)",
				);
				GCC_WARN_64_TO_32_BIT_CONVERSION = YES;
				GCC_WARN_ABOUT_RETURN_TYPE = YES_ERROR;
				GCC_WARN_UNDECLARED_SELECTOR = YES;
				GCC_WARN_UNINITIALIZED_AUTOS = YES_AGGRESSIVE;
				GCC_WARN_UNUSED_FUNCTION = YES;
				GCC_WARN_UNUSED_VARIABLE = YES;
				LOCALIZATION_PREFERS_STRING_CATALOGS = YES;
				MTL_ENABLE_DEBUG_INFO = INCLUDE_SOURCE;
				MTL_FAST_MATH = YES;
				ONLY_ACTIVE_ARCH = YES;
				SWIFT_ACTIVE_COMPILATION_CONDITIONS = "DEBUG $(inherited)";
				SWIFT_OPTIMIZATION_LEVEL = "-Onone";
			};
			name = Debug;
		};
		DCBAB5572BEAA72B00311C1B /* Release */ = {
			isa = XCBuildConfiguration;
			buildSettings = {
				ALWAYS_SEARCH_USER_PATHS = NO;
				ASSETCATALOG_COMPILER_GENERATE_SWIFT_ASSET_SYMBOL_EXTENSIONS = YES;
				CLANG_ANALYZER_NONNULL = YES;
				CLANG_ANALYZER_NUMBER_OBJECT_CONVERSION = YES_AGGRESSIVE;
				CLANG_CXX_LANGUAGE_STANDARD = "gnu++20";
				CLANG_ENABLE_MODULES = YES;
				CLANG_ENABLE_OBJC_ARC = YES;
				CLANG_ENABLE_OBJC_WEAK = YES;
				CLANG_WARN_BLOCK_CAPTURE_AUTORELEASING = YES;
				CLANG_WARN_BOOL_CONVERSION = YES;
				CLANG_WARN_COMMA = YES;
				CLANG_WARN_CONSTANT_CONVERSION = YES;
				CLANG_WARN_DEPRECATED_OBJC_IMPLEMENTATIONS = YES;
				CLANG_WARN_DIRECT_OBJC_ISA_USAGE = YES_ERROR;
				CLANG_WARN_DOCUMENTATION_COMMENTS = YES;
				CLANG_WARN_EMPTY_BODY = YES;
				CLANG_WARN_ENUM_CONVERSION = YES;
				CLANG_WARN_INFINITE_RECURSION = YES;
				CLANG_WARN_INT_CONVERSION = YES;
				CLANG_WARN_NON_LITERAL_NULL_CONVERSION = YES;
				CLANG_WARN_OBJC_IMPLICIT_RETAIN_SELF = YES;
				CLANG_WARN_OBJC_LITERAL_CONVERSION = YES;
				CLANG_WARN_OBJC_ROOT_CLASS = YES_ERROR;
				CLANG_WARN_QUOTED_INCLUDE_IN_FRAMEWORK_HEADER = YES;
				CLANG_WARN_RANGE_LOOP_ANALYSIS = YES;
				CLANG_WARN_STRICT_PROTOTYPES = YES;
				CLANG_WARN_SUSPICIOUS_MOVE = YES;
				CLANG_WARN_UNGUARDED_AVAILABILITY = YES_AGGRESSIVE;
				CLANG_WARN_UNREACHABLE_CODE = YES;
				CLANG_WARN__DUPLICATE_METHOD_MATCH = YES;
				COPY_PHASE_STRIP = NO;
				DEBUG_INFORMATION_FORMAT = "dwarf-with-dsym";
				ENABLE_NS_ASSERTIONS = NO;
				ENABLE_STRICT_OBJC_MSGSEND = YES;
				ENABLE_USER_SCRIPT_SANDBOXING = YES;
				GCC_C_LANGUAGE_STANDARD = gnu17;
				GCC_NO_COMMON_BLOCKS = YES;
				GCC_WARN_64_TO_32_BIT_CONVERSION = YES;
				GCC_WARN_ABOUT_RETURN_TYPE = YES_ERROR;
				GCC_WARN_UNDECLARED_SELECTOR = YES;
				GCC_WARN_UNINITIALIZED_AUTOS = YES_AGGRESSIVE;
				GCC_WARN_UNUSED_FUNCTION = YES;
				GCC_WARN_UNUSED_VARIABLE = YES;
				LOCALIZATION_PREFERS_STRING_CATALOGS = YES;
				MTL_ENABLE_DEBUG_INFO = NO;
				MTL_FAST_MATH = YES;
				SWIFT_COMPILATION_MODE = wholemodule;
			};
			name = Release;
		};
		DCBAB5592BEAA72B00311C1B /* Debug */ = {
			isa = XCBuildConfiguration;
			buildSettings = {
				ASSETCATALOG_COMPILER_APPICON_NAME = AppIcon;
				ASSETCATALOG_COMPILER_GLOBAL_ACCENT_COLOR_NAME = AccentColor;
				CODE_SIGN_ENTITLEMENTS = "Banking MVVM/Banking_MVVM.entitlements";
				CODE_SIGN_STYLE = Automatic;
				CURRENT_PROJECT_VERSION = 1;
				DEVELOPMENT_ASSET_PATHS = "\"Banking MVVM/Preview Content\"";
				DEVELOPMENT_TEAM = 87LWT8ZN7G;
				ENABLE_HARDENED_RUNTIME = YES;
				ENABLE_PREVIEWS = YES;
				GENERATE_INFOPLIST_FILE = YES;
				"INFOPLIST_KEY_UIApplicationSceneManifest_Generation[sdk=iphoneos*]" = YES;
				"INFOPLIST_KEY_UIApplicationSceneManifest_Generation[sdk=iphonesimulator*]" = YES;
				"INFOPLIST_KEY_UIApplicationSupportsIndirectInputEvents[sdk=iphoneos*]" = YES;
				"INFOPLIST_KEY_UIApplicationSupportsIndirectInputEvents[sdk=iphonesimulator*]" = YES;
				"INFOPLIST_KEY_UILaunchScreen_Generation[sdk=iphoneos*]" = YES;
				"INFOPLIST_KEY_UILaunchScreen_Generation[sdk=iphonesimulator*]" = YES;
				"INFOPLIST_KEY_UIStatusBarStyle[sdk=iphoneos*]" = UIStatusBarStyleDefault;
				"INFOPLIST_KEY_UIStatusBarStyle[sdk=iphonesimulator*]" = UIStatusBarStyleDefault;
				INFOPLIST_KEY_UISupportedInterfaceOrientations_iPad = "UIInterfaceOrientationPortrait UIInterfaceOrientationPortraitUpsideDown UIInterfaceOrientationLandscapeLeft UIInterfaceOrientationLandscapeRight";
				INFOPLIST_KEY_UISupportedInterfaceOrientations_iPhone = "UIInterfaceOrientationPortrait UIInterfaceOrientationLandscapeLeft UIInterfaceOrientationLandscapeRight";
				IPHONEOS_DEPLOYMENT_TARGET = 17.4;
				LD_RUNPATH_SEARCH_PATHS = "@executable_path/Frameworks";
				"LD_RUNPATH_SEARCH_PATHS[sdk=macosx*]" = "@executable_path/../Frameworks";
				MACOSX_DEPLOYMENT_TARGET = 14.4;
				MARKETING_VERSION = 1.0;
				PRODUCT_BUNDLE_IDENTIFIER = "com.mourey.banking.mvvm.Banking-MVVM";
				PRODUCT_NAME = "$(TARGET_NAME)";
				SDKROOT = auto;
				SUPPORTED_PLATFORMS = "iphoneos iphonesimulator macosx";
				SWIFT_EMIT_LOC_STRINGS = YES;
				SWIFT_VERSION = 5.0;
				TARGETED_DEVICE_FAMILY = "1,2";
			};
			name = Debug;
		};
		DCBAB55A2BEAA72B00311C1B /* Release */ = {
			isa = XCBuildConfiguration;
			buildSettings = {
				ASSETCATALOG_COMPILER_APPICON_NAME = AppIcon;
				ASSETCATALOG_COMPILER_GLOBAL_ACCENT_COLOR_NAME = AccentColor;
				CODE_SIGN_ENTITLEMENTS = "Banking MVVM/Banking_MVVM.entitlements";
				CODE_SIGN_STYLE = Automatic;
				CURRENT_PROJECT_VERSION = 1;
				DEVELOPMENT_ASSET_PATHS = "\"Banking MVVM/Preview Content\"";
				DEVELOPMENT_TEAM = 87LWT8ZN7G;
				ENABLE_HARDENED_RUNTIME = YES;
				ENABLE_PREVIEWS = YES;
				GENERATE_INFOPLIST_FILE = YES;
				"INFOPLIST_KEY_UIApplicationSceneManifest_Generation[sdk=iphoneos*]" = YES;
				"INFOPLIST_KEY_UIApplicationSceneManifest_Generation[sdk=iphonesimulator*]" = YES;
				"INFOPLIST_KEY_UIApplicationSupportsIndirectInputEvents[sdk=iphoneos*]" = YES;
				"INFOPLIST_KEY_UIApplicationSupportsIndirectInputEvents[sdk=iphonesimulator*]" = YES;
				"INFOPLIST_KEY_UILaunchScreen_Generation[sdk=iphoneos*]" = YES;
				"INFOPLIST_KEY_UILaunchScreen_Generation[sdk=iphonesimulator*]" = YES;
				"INFOPLIST_KEY_UIStatusBarStyle[sdk=iphoneos*]" = UIStatusBarStyleDefault;
				"INFOPLIST_KEY_UIStatusBarStyle[sdk=iphonesimulator*]" = UIStatusBarStyleDefault;
				INFOPLIST_KEY_UISupportedInterfaceOrientations_iPad = "UIInterfaceOrientationPortrait UIInterfaceOrientationPortraitUpsideDown UIInterfaceOrientationLandscapeLeft UIInterfaceOrientationLandscapeRight";
				INFOPLIST_KEY_UISupportedInterfaceOrientations_iPhone = "UIInterfaceOrientationPortrait UIInterfaceOrientationLandscapeLeft UIInterfaceOrientationLandscapeRight";
				IPHONEOS_DEPLOYMENT_TARGET = 17.4;
				LD_RUNPATH_SEARCH_PATHS = "@executable_path/Frameworks";
				"LD_RUNPATH_SEARCH_PATHS[sdk=macosx*]" = "@executable_path/../Frameworks";
				MACOSX_DEPLOYMENT_TARGET = 14.4;
				MARKETING_VERSION = 1.0;
				PRODUCT_BUNDLE_IDENTIFIER = "com.mourey.banking.mvvm.Banking-MVVM";
				PRODUCT_NAME = "$(TARGET_NAME)";
				SDKROOT = auto;
				SUPPORTED_PLATFORMS = "iphoneos iphonesimulator macosx";
				SWIFT_EMIT_LOC_STRINGS = YES;
				SWIFT_VERSION = 5.0;
				TARGETED_DEVICE_FAMILY = "1,2";
			};
			name = Release;
		};
/* End XCBuildConfiguration section */

/* Begin XCConfigurationList section */
		DCBAB5442BEAA72900311C1B /* Build configuration list for PBXProject "Banking MVVM" */ = {
			isa = XCConfigurationList;
			buildConfigurations = (
				DCBAB5562BEAA72B00311C1B /* Debug */,
				DCBAB5572BEAA72B00311C1B /* Release */,
			);
			defaultConfigurationIsVisible = 0;
			defaultConfigurationName = Release;
		};
		DCBAB5582BEAA72B00311C1B /* Build configuration list for PBXNativeTarget "Banking MVVM" */ = {
			isa = XCConfigurationList;
			buildConfigurations = (
				DCBAB5592BEAA72B00311C1B /* Debug */,
				DCBAB55A2BEAA72B00311C1B /* Release */,
			);
			defaultConfigurationIsVisible = 0;
			defaultConfigurationName = Release;
		};
/* End XCConfigurationList section */
	};
	rootObject = DCBAB5412BEAA72900311C1B /* Project object */;
}
